Microsoft Visual Studio Solution File, Format Version 12.00
# Visual Studio Version 17
VisualStudioVersion = 17.4.33213.308
MinimumVisualStudioVersion = 10.0.40219.1
Project("{2150E333-8FDC-42A3-9474-1A3956D46DE8}") = "Solution Items", "Solution Items", "{464994BB-0291-4311-B504-638099B54967}"
EndProject
Project("{9A19103F-16F7-4668-BE54-9A1E7A4F7556}") = "BL", "src\BL\BL.csproj", "{061D315F-99DE-4D1F-8D29-6C4C0484BDB3}"
EndProject
Project("{9A19103F-16F7-4668-BE54-9A1E7A4F7556}") = "DARE-FrontEnd", "src\DARE-FrontEnd\DARE-FrontEnd.csproj", "{5667D74D-48B5-4E26-ADC7-F544D4FE7417}"
EndProject
Project("{9A19103F-16F7-4668-BE54-9A1E7A4F7556}") = "DARE-API", "src\DARE-API\DARE-API.csproj", "{5F2DB446-EF88-45AB-9555-BC11D14436D1}"
EndProject
Project("{2150E333-8FDC-42A3-9474-1A3956D46DE8}") = "src", "src", "{505AD4FB-0822-4989-9A01-1F56C3820D0D}"
EndProject
Project("{2150E333-8FDC-42A3-9474-1A3956D46DE8}") = "api", "api", "{BCA7B4D1-726B-46EA-90D1-2BD3ACD5154A}"
EndProject
Project("{2150E333-8FDC-42A3-9474-1A3956D46DE8}") = "ui", "ui", "{ED66814A-91F3-4E06-AE48-B7A9F666659E}"
EndProject
Project("{9A19103F-16F7-4668-BE54-9A1E7A4F7556}") = "TRE-API", "src\TRE-API\TRE-API.csproj", "{74A67920-5A7D-4C10-B1DB-8DE5AD25FF35}"
EndProject
Project("{2150E333-8FDC-42A3-9474-1A3956D46DE8}") = "services", "services", "{7E5C3A67-D4F6-490D-B24A-BCB1008DC7CA}"
EndProject
Project("{9A19103F-16F7-4668-BE54-9A1E7A4F7556}") = "TRE-UI", "src\TRE-UI\TRE-UI.csproj", "{0F576ABA-E84A-4176-8AB9-D15C76952305}"
EndProject
Project("{E53339B2-1760-4266-BCC7-CA923CBCF16C}") = "docker-compose", "docker-compose.dcproj", "{BC0287B0-FFB6-490D-8F6C-44E02A012528}"
EndProject
Project("{9A19103F-16F7-4668-BE54-9A1E7A4F7556}") = "TREAgent", "src\TREAgent\TREAgent.csproj", "{97D09002-2CA7-4D78-81E6-36AC912F089B}"
EndProject
Project("{9A19103F-16F7-4668-BE54-9A1E7A4F7556}") = "PasswordEncryptor", "..\PasswordEncryptor\PasswordEncryptor.csproj", "{E3113006-5E32-451D-9541-CEA84F55EC9D}"
EndProject
Project("{9A19103F-16F7-4668-BE54-9A1E7A4F7556}") = "Data-Egress-API", "src\Data-Egress-API\Data-Egress-API.csproj", "{68369D1D-B5AE-4CED-944C-3FEF0EB23414}"
EndProject
Project("{9A19103F-16F7-4668-BE54-9A1E7A4F7556}") = "Data-Egress-UI", "src\Data-Egress-UI\Data-Egress-UI.csproj", "{80C9C407-D56A-4FD1-9FE3-58B046729ADC}"
EndProject
Project("{9A19103F-16F7-4668-BE54-9A1E7A4F7556}") = "TRE-Hasura-Auth", "TREAuthenticationAndManagement\TREAuthenticationAndManagement\TRE-Hasura-Auth.csproj", "{DA8A2669-F686-49AE-AC3D-9585C68FBB70}"
EndProject
Project("{FAE04EC0-301F-11D3-BF4B-00C04F79EFBC}") = "TRE-TESK-Hasura", "..\TRE-TESK-Hasura\TRE-TESK-Hasura.csproj", "{B87194AA-E8DB-47AF-98FE-C9797DC30C20}"
EndProject
Global
	GlobalSection(SolutionConfigurationPlatforms) = preSolution
		Debug|Any CPU = Debug|Any CPU
		Release|Any CPU = Release|Any CPU
	EndGlobalSection
	GlobalSection(ProjectConfigurationPlatforms) = postSolution
		{061D315F-99DE-4D1F-8D29-6C4C0484BDB3}.Debug|Any CPU.ActiveCfg = Debug|Any CPU
		{061D315F-99DE-4D1F-8D29-6C4C0484BDB3}.Debug|Any CPU.Build.0 = Debug|Any CPU
		{061D315F-99DE-4D1F-8D29-6C4C0484BDB3}.Release|Any CPU.ActiveCfg = Release|Any CPU
		{061D315F-99DE-4D1F-8D29-6C4C0484BDB3}.Release|Any CPU.Build.0 = Release|Any CPU
		{5667D74D-48B5-4E26-ADC7-F544D4FE7417}.Debug|Any CPU.ActiveCfg = Debug|Any CPU
		{5667D74D-48B5-4E26-ADC7-F544D4FE7417}.Debug|Any CPU.Build.0 = Debug|Any CPU
		{5667D74D-48B5-4E26-ADC7-F544D4FE7417}.Release|Any CPU.ActiveCfg = Release|Any CPU
		{5667D74D-48B5-4E26-ADC7-F544D4FE7417}.Release|Any CPU.Build.0 = Release|Any CPU
		{5F2DB446-EF88-45AB-9555-BC11D14436D1}.Debug|Any CPU.ActiveCfg = Debug|Any CPU
		{5F2DB446-EF88-45AB-9555-BC11D14436D1}.Debug|Any CPU.Build.0 = Debug|Any CPU
		{5F2DB446-EF88-45AB-9555-BC11D14436D1}.Release|Any CPU.ActiveCfg = Release|Any CPU
		{5F2DB446-EF88-45AB-9555-BC11D14436D1}.Release|Any CPU.Build.0 = Release|Any CPU
		{74A67920-5A7D-4C10-B1DB-8DE5AD25FF35}.Debug|Any CPU.ActiveCfg = Debug|Any CPU
		{74A67920-5A7D-4C10-B1DB-8DE5AD25FF35}.Debug|Any CPU.Build.0 = Debug|Any CPU
		{74A67920-5A7D-4C10-B1DB-8DE5AD25FF35}.Release|Any CPU.ActiveCfg = Release|Any CPU
		{74A67920-5A7D-4C10-B1DB-8DE5AD25FF35}.Release|Any CPU.Build.0 = Release|Any CPU
		{0F576ABA-E84A-4176-8AB9-D15C76952305}.Debug|Any CPU.ActiveCfg = Debug|Any CPU
		{0F576ABA-E84A-4176-8AB9-D15C76952305}.Debug|Any CPU.Build.0 = Debug|Any CPU
		{0F576ABA-E84A-4176-8AB9-D15C76952305}.Release|Any CPU.ActiveCfg = Release|Any CPU
		{0F576ABA-E84A-4176-8AB9-D15C76952305}.Release|Any CPU.Build.0 = Release|Any CPU
		{BC0287B0-FFB6-490D-8F6C-44E02A012528}.Debug|Any CPU.ActiveCfg = Debug|Any CPU
		{BC0287B0-FFB6-490D-8F6C-44E02A012528}.Debug|Any CPU.Build.0 = Debug|Any CPU
		{BC0287B0-FFB6-490D-8F6C-44E02A012528}.Release|Any CPU.ActiveCfg = Release|Any CPU
		{BC0287B0-FFB6-490D-8F6C-44E02A012528}.Release|Any CPU.Build.0 = Release|Any CPU
		{97D09002-2CA7-4D78-81E6-36AC912F089B}.Debug|Any CPU.ActiveCfg = Debug|Any CPU
		{97D09002-2CA7-4D78-81E6-36AC912F089B}.Debug|Any CPU.Build.0 = Debug|Any CPU
		{97D09002-2CA7-4D78-81E6-36AC912F089B}.Release|Any CPU.ActiveCfg = Release|Any CPU
		{97D09002-2CA7-4D78-81E6-36AC912F089B}.Release|Any CPU.Build.0 = Release|Any CPU
		{E3113006-5E32-451D-9541-CEA84F55EC9D}.Debug|Any CPU.ActiveCfg = Debug|Any CPU
		{E3113006-5E32-451D-9541-CEA84F55EC9D}.Debug|Any CPU.Build.0 = Debug|Any CPU
		{E3113006-5E32-451D-9541-CEA84F55EC9D}.Release|Any CPU.ActiveCfg = Release|Any CPU
		{E3113006-5E32-451D-9541-CEA84F55EC9D}.Release|Any CPU.Build.0 = Release|Any CPU
		{68369D1D-B5AE-4CED-944C-3FEF0EB23414}.Debug|Any CPU.ActiveCfg = Debug|Any CPU
		{68369D1D-B5AE-4CED-944C-3FEF0EB23414}.Debug|Any CPU.Build.0 = Debug|Any CPU
		{68369D1D-B5AE-4CED-944C-3FEF0EB23414}.Release|Any CPU.ActiveCfg = Release|Any CPU
		{68369D1D-B5AE-4CED-944C-3FEF0EB23414}.Release|Any CPU.Build.0 = Release|Any CPU
		{80C9C407-D56A-4FD1-9FE3-58B046729ADC}.Debug|Any CPU.ActiveCfg = Debug|Any CPU
		{80C9C407-D56A-4FD1-9FE3-58B046729ADC}.Debug|Any CPU.Build.0 = Debug|Any CPU
		{80C9C407-D56A-4FD1-9FE3-58B046729ADC}.Release|Any CPU.ActiveCfg = Release|Any CPU
		{80C9C407-D56A-4FD1-9FE3-58B046729ADC}.Release|Any CPU.Build.0 = Release|Any CPU
		{DA8A2669-F686-49AE-AC3D-9585C68FBB70}.Debug|Any CPU.ActiveCfg = Debug|Any CPU
		{DA8A2669-F686-49AE-AC3D-9585C68FBB70}.Debug|Any CPU.Build.0 = Debug|Any CPU
		{DA8A2669-F686-49AE-AC3D-9585C68FBB70}.Release|Any CPU.ActiveCfg = Release|Any CPU
		{DA8A2669-F686-49AE-AC3D-9585C68FBB70}.Release|Any CPU.Build.0 = Release|Any CPU
		{B87194AA-E8DB-47AF-98FE-C9797DC30C20}.Debug|Any CPU.ActiveCfg = Debug|Any CPU
		{B87194AA-E8DB-47AF-98FE-C9797DC30C20}.Debug|Any CPU.Build.0 = Debug|Any CPU
		{B87194AA-E8DB-47AF-98FE-C9797DC30C20}.Release|Any CPU.ActiveCfg = Release|Any CPU
		{B87194AA-E8DB-47AF-98FE-C9797DC30C20}.Release|Any CPU.Build.0 = Release|Any CPU
	EndGlobalSection
	GlobalSection(SolutionProperties) = preSolution
		HideSolutionNode = FALSE
	EndGlobalSection
	GlobalSection(NestedProjects) = preSolution
		{061D315F-99DE-4D1F-8D29-6C4C0484BDB3} = {505AD4FB-0822-4989-9A01-1F56C3820D0D}
		{5667D74D-48B5-4E26-ADC7-F544D4FE7417} = {ED66814A-91F3-4E06-AE48-B7A9F666659E}
		{5F2DB446-EF88-45AB-9555-BC11D14436D1} = {BCA7B4D1-726B-46EA-90D1-2BD3ACD5154A}
		{BCA7B4D1-726B-46EA-90D1-2BD3ACD5154A} = {505AD4FB-0822-4989-9A01-1F56C3820D0D}
		{ED66814A-91F3-4E06-AE48-B7A9F666659E} = {505AD4FB-0822-4989-9A01-1F56C3820D0D}
		{74A67920-5A7D-4C10-B1DB-8DE5AD25FF35} = {BCA7B4D1-726B-46EA-90D1-2BD3ACD5154A}
		{7E5C3A67-D4F6-490D-B24A-BCB1008DC7CA} = {505AD4FB-0822-4989-9A01-1F56C3820D0D}
		{0F576ABA-E84A-4176-8AB9-D15C76952305} = {ED66814A-91F3-4E06-AE48-B7A9F666659E}
		{97D09002-2CA7-4D78-81E6-36AC912F089B} = {505AD4FB-0822-4989-9A01-1F56C3820D0D}
		{E3113006-5E32-451D-9541-CEA84F55EC9D} = {505AD4FB-0822-4989-9A01-1F56C3820D0D}
		{68369D1D-B5AE-4CED-944C-3FEF0EB23414} = {BCA7B4D1-726B-46EA-90D1-2BD3ACD5154A}
		{80C9C407-D56A-4FD1-9FE3-58B046729ADC} = {ED66814A-91F3-4E06-AE48-B7A9F666659E}
		{DA8A2669-F686-49AE-AC3D-9585C68FBB70} = {BCA7B4D1-726B-46EA-90D1-2BD3ACD5154A}
	EndGlobalSection
	GlobalSection(ExtensibilityGlobals) = postSolution
		SolutionGuid = {29E246A8-202C-4544-A30D-33E0AB416005}
	EndGlobalSection
EndGlobal
